// !$*UTF8*$!
{
	archiveVersion = 1;
	classes = {
	};
	objectVersion = 70;
	objects = {

/* Begin PBXBuildFile section */
		A542DC942D2D21F5003D685D /* Float+Extensions.swift in Sources */ = {isa = PBXBuildFile; fileRef = A542DC932D2D21EE003D685D /* Float+Extensions.swift */; };
		A558277D2D2E7E80006A58E9 /* StubNetworkClient.swift in Sources */ = {isa = PBXBuildFile; fileRef = A558277C2D2E7E76006A58E9 /* StubNetworkClient.swift */; };
		A55827992D2EB0F3006A58E9 /* MovieQuizViewControllerProtocol.swift in Sources */ = {isa = PBXBuildFile; fileRef = A55827982D2EB0E7006A58E9 /* MovieQuizViewControllerProtocol.swift */; };
		A558279B2D2EB12D006A58E9 /* MovieQuizPresenter.swift in Sources */ = {isa = PBXBuildFile; fileRef = A558279A2D2EB126006A58E9 /* MovieQuizPresenter.swift */; };
		A5714B982D156617007EE7F2 /* QuestionFactoryDelegate.swift in Sources */ = {isa = PBXBuildFile; fileRef = A5714B972D15660F007EE7F2 /* QuestionFactoryDelegate.swift */; };
		A5714B9A2D158191007EE7F2 /* AlertModel.swift in Sources */ = {isa = PBXBuildFile; fileRef = A5714B992D15818E007EE7F2 /* AlertModel.swift */; };
		A5714B9C2D158256007EE7F2 /* AlertPresenter.swift in Sources */ = {isa = PBXBuildFile; fileRef = A5714B9B2D158251007EE7F2 /* AlertPresenter.swift */; };
		A5714B9E2D158393007EE7F2 /* AlertPresenterDelegate.swift in Sources */ = {isa = PBXBuildFile; fileRef = A5714B9D2D158383007EE7F2 /* AlertPresenterDelegate.swift */; };
		A5714BA02D158A8A007EE7F2 /* GameResult.swift in Sources */ = {isa = PBXBuildFile; fileRef = A5714B9F2D158A80007EE7F2 /* GameResult.swift */; };
		A5714BA22D158B10007EE7F2 /* StatisticServiceProtocol.swift in Sources */ = {isa = PBXBuildFile; fileRef = A5714BA12D158B09007EE7F2 /* StatisticServiceProtocol.swift */; };
		A5714BA42D158B6B007EE7F2 /* StatisticService.swift in Sources */ = {isa = PBXBuildFile; fileRef = A5714BA32D158B60007EE7F2 /* StatisticService.swift */; };
		A5914BE22D146355003075DB /* QuestionFactory.swift in Sources */ = {isa = PBXBuildFile; fileRef = A5914BE12D14634D003075DB /* QuestionFactory.swift */; };
		A5914BE42D14654B003075DB /* QuizStepViewModel.swift in Sources */ = {isa = PBXBuildFile; fileRef = A5914BE32D14654B003075DB /* QuizStepViewModel.swift */; };
		A5914BE62D146572003075DB /* QuizResultsViewModel.swift in Sources */ = {isa = PBXBuildFile; fileRef = A5914BE52D14656F003075DB /* QuizResultsViewModel.swift */; };
		A5914BE82D146596003075DB /* QuizQuestion.swift in Sources */ = {isa = PBXBuildFile; fileRef = A5914BE72D146596003075DB /* QuizQuestion.swift */; };
		A5914BEA2D146D3F003075DB /* QuestionFactoryProtocol.swift in Sources */ = {isa = PBXBuildFile; fileRef = A5914BE92D146D3D003075DB /* QuestionFactoryProtocol.swift */; };
		A5DABCB12D29341A0010E610 /* NetworkClient.swift in Sources */ = {isa = PBXBuildFile; fileRef = A5DABCB02D2934140010E610 /* NetworkClient.swift */; };
		A5DABCB32D2935E90010E610 /* MostPopularMovies.swift in Sources */ = {isa = PBXBuildFile; fileRef = A5DABCB22D2935E10010E610 /* MostPopularMovies.swift */; };
		A5DABCB52D293F3C0010E610 /* MoviesLoader.swift in Sources */ = {isa = PBXBuildFile; fileRef = A5DABCB42D293F340010E610 /* MoviesLoader.swift */; };
		AD1ABAB22831907B00B3E448 /* AppDelegate.swift in Sources */ = {isa = PBXBuildFile; fileRef = AD1ABAB12831907B00B3E448 /* AppDelegate.swift */; };
		AD1ABAB42831907B00B3E448 /* SceneDelegate.swift in Sources */ = {isa = PBXBuildFile; fileRef = AD1ABAB32831907B00B3E448 /* SceneDelegate.swift */; };
		AD1ABAB62831907B00B3E448 /* MovieQuizViewController.swift in Sources */ = {isa = PBXBuildFile; fileRef = AD1ABAB52831907B00B3E448 /* MovieQuizViewController.swift */; };
		AD1ABAB92831907B00B3E448 /* Main.storyboard in Resources */ = {isa = PBXBuildFile; fileRef = AD1ABAB72831907B00B3E448 /* Main.storyboard */; };
		AD1ABABB2831907F00B3E448 /* Assets.xcassets in Resources */ = {isa = PBXBuildFile; fileRef = AD1ABABA2831907F00B3E448 /* Assets.xcassets */; };
		AD1ABABE2831907F00B3E448 /* LaunchScreen.storyboard in Resources */ = {isa = PBXBuildFile; fileRef = AD1ABABC2831907F00B3E448 /* LaunchScreen.storyboard */; };
		AD5EE5DE284D7887003966EF /* UIColor+Extensions.swift in Sources */ = {isa = PBXBuildFile; fileRef = AD5EE5DD284D7887003966EF /* UIColor+Extensions.swift */; };
		AD77F5742857F8810062FB14 /* Date+Extensions.swift in Sources */ = {isa = PBXBuildFile; fileRef = AD77F5732857F8810062FB14 /* Date+Extensions.swift */; };
		AD7AFA552836189F00399704 /* Array+Extensions.swift in Sources */ = {isa = PBXBuildFile; fileRef = AD7AFA542836189F00399704 /* Array+Extensions.swift */; };
/* End PBXBuildFile section */

/* Begin PBXContainerItemProxy section */
		A55827712D2E7D00006A58E9 /* PBXContainerItemProxy */ = {
			isa = PBXContainerItemProxy;
			containerPortal = AD1ABAA62831907B00B3E448 /* Project object */;
			proxyType = 1;
			remoteGlobalIDString = AD1ABAAD2831907B00B3E448;
			remoteInfo = MovieQuiz;
		};
		A55827882D2E8019006A58E9 /* PBXContainerItemProxy */ = {
			isa = PBXContainerItemProxy;
			containerPortal = AD1ABAA62831907B00B3E448 /* Project object */;
			proxyType = 1;
			remoteGlobalIDString = AD1ABAAD2831907B00B3E448;
			remoteInfo = MovieQuiz;
		};
		A5EE5C8E2D33EBBE00A5A867 /* PBXContainerItemProxy */ = {
			isa = PBXContainerItemProxy;
			containerPortal = AD1ABAA62831907B00B3E448 /* Project object */;
			proxyType = 1;
			remoteGlobalIDString = AD1ABAAD2831907B00B3E448;
			remoteInfo = MovieQuiz;
		};
/* End PBXContainerItemProxy section */

/* Begin PBXFileReference section */
		A542DC932D2D21EE003D685D /* Float+Extensions.swift */ = {isa = PBXFileReference; lastKnownFileType = sourcecode.swift; path = "Float+Extensions.swift"; sourceTree = "<group>"; };
		A558276D2D2E7D00006A58E9 /* MovieQuizTests.xctest */ = {isa = PBXFileReference; explicitFileType = wrapper.cfbundle; includeInIndex = 0; path = MovieQuizTests.xctest; sourceTree = BUILT_PRODUCTS_DIR; };
		A558277C2D2E7E76006A58E9 /* StubNetworkClient.swift */ = {isa = PBXFileReference; lastKnownFileType = sourcecode.swift; path = StubNetworkClient.swift; sourceTree = "<group>"; };
		A55827822D2E8019006A58E9 /* MovieQuizUITests.xctest */ = {isa = PBXFileReference; explicitFileType = wrapper.cfbundle; includeInIndex = 0; path = MovieQuizUITests.xctest; sourceTree = BUILT_PRODUCTS_DIR; };
		A55827982D2EB0E7006A58E9 /* MovieQuizViewControllerProtocol.swift */ = {isa = PBXFileReference; lastKnownFileType = sourcecode.swift; path = MovieQuizViewControllerProtocol.swift; sourceTree = "<group>"; };
		A558279A2D2EB126006A58E9 /* MovieQuizPresenter.swift */ = {isa = PBXFileReference; lastKnownFileType = sourcecode.swift; path = MovieQuizPresenter.swift; sourceTree = "<group>"; };
		A5714B972D15660F007EE7F2 /* QuestionFactoryDelegate.swift */ = {isa = PBXFileReference; lastKnownFileType = sourcecode.swift; path = QuestionFactoryDelegate.swift; sourceTree = "<group>"; };
		A5714B992D15818E007EE7F2 /* AlertModel.swift */ = {isa = PBXFileReference; lastKnownFileType = sourcecode.swift; path = AlertModel.swift; sourceTree = "<group>"; };
		A5714B9B2D158251007EE7F2 /* AlertPresenter.swift */ = {isa = PBXFileReference; lastKnownFileType = sourcecode.swift; path = AlertPresenter.swift; sourceTree = "<group>"; };
		A5714B9D2D158383007EE7F2 /* AlertPresenterDelegate.swift */ = {isa = PBXFileReference; lastKnownFileType = sourcecode.swift; path = AlertPresenterDelegate.swift; sourceTree = "<group>"; };
		A5714B9F2D158A80007EE7F2 /* GameResult.swift */ = {isa = PBXFileReference; lastKnownFileType = sourcecode.swift; path = GameResult.swift; sourceTree = "<group>"; };
		A5714BA12D158B09007EE7F2 /* StatisticServiceProtocol.swift */ = {isa = PBXFileReference; lastKnownFileType = sourcecode.swift; path = StatisticServiceProtocol.swift; sourceTree = "<group>"; };
		A5714BA32D158B60007EE7F2 /* StatisticService.swift */ = {isa = PBXFileReference; lastKnownFileType = sourcecode.swift; path = StatisticService.swift; sourceTree = "<group>"; };
		A5914BE12D14634D003075DB /* QuestionFactory.swift */ = {isa = PBXFileReference; lastKnownFileType = sourcecode.swift; path = QuestionFactory.swift; sourceTree = "<group>"; };
		A5914BE32D14654B003075DB /* QuizStepViewModel.swift */ = {isa = PBXFileReference; lastKnownFileType = sourcecode.swift; path = QuizStepViewModel.swift; sourceTree = "<group>"; };
		A5914BE52D14656F003075DB /* QuizResultsViewModel.swift */ = {isa = PBXFileReference; lastKnownFileType = sourcecode.swift; path = QuizResultsViewModel.swift; sourceTree = "<group>"; };
		A5914BE72D146596003075DB /* QuizQuestion.swift */ = {isa = PBXFileReference; lastKnownFileType = sourcecode.swift; path = QuizQuestion.swift; sourceTree = "<group>"; };
		A5914BE92D146D3D003075DB /* QuestionFactoryProtocol.swift */ = {isa = PBXFileReference; lastKnownFileType = sourcecode.swift; path = QuestionFactoryProtocol.swift; sourceTree = "<group>"; };
		A5DABCB02D2934140010E610 /* NetworkClient.swift */ = {isa = PBXFileReference; lastKnownFileType = sourcecode.swift; path = NetworkClient.swift; sourceTree = "<group>"; };
		A5DABCB22D2935E10010E610 /* MostPopularMovies.swift */ = {isa = PBXFileReference; lastKnownFileType = sourcecode.swift; path = MostPopularMovies.swift; sourceTree = "<group>"; };
		A5DABCB42D293F340010E610 /* MoviesLoader.swift */ = {isa = PBXFileReference; lastKnownFileType = sourcecode.swift; path = MoviesLoader.swift; sourceTree = "<group>"; };
		A5EE5C8A2D33EBBE00A5A867 /* MovieQuizPresenterTests.xctest */ = {isa = PBXFileReference; explicitFileType = wrapper.cfbundle; includeInIndex = 0; path = MovieQuizPresenterTests.xctest; sourceTree = BUILT_PRODUCTS_DIR; };
		AD1ABAAE2831907B00B3E448 /* MovieQuiz.app */ = {isa = PBXFileReference; explicitFileType = wrapper.application; includeInIndex = 0; path = MovieQuiz.app; sourceTree = BUILT_PRODUCTS_DIR; };
		AD1ABAB12831907B00B3E448 /* AppDelegate.swift */ = {isa = PBXFileReference; lastKnownFileType = sourcecode.swift; path = AppDelegate.swift; sourceTree = "<group>"; };
		AD1ABAB32831907B00B3E448 /* SceneDelegate.swift */ = {isa = PBXFileReference; lastKnownFileType = sourcecode.swift; path = SceneDelegate.swift; sourceTree = "<group>"; };
		AD1ABAB52831907B00B3E448 /* MovieQuizViewController.swift */ = {isa = PBXFileReference; lastKnownFileType = sourcecode.swift; path = MovieQuizViewController.swift; sourceTree = "<group>"; };
		AD1ABAB82831907B00B3E448 /* Base */ = {isa = PBXFileReference; lastKnownFileType = file.storyboard; name = Base; path = Base.lproj/Main.storyboard; sourceTree = "<group>"; };
		AD1ABABA2831907F00B3E448 /* Assets.xcassets */ = {isa = PBXFileReference; lastKnownFileType = folder.assetcatalog; path = Assets.xcassets; sourceTree = "<group>"; };
		AD1ABABD2831907F00B3E448 /* Base */ = {isa = PBXFileReference; lastKnownFileType = file.storyboard; name = Base; path = Base.lproj/LaunchScreen.storyboard; sourceTree = "<group>"; };
		AD1ABABF2831907F00B3E448 /* Info.plist */ = {isa = PBXFileReference; lastKnownFileType = text.plist.xml; path = Info.plist; sourceTree = "<group>"; };
		AD5EE5DD284D7887003966EF /* UIColor+Extensions.swift */ = {isa = PBXFileReference; fileEncoding = 4; lastKnownFileType = sourcecode.swift; path = "UIColor+Extensions.swift"; sourceTree = "<group>"; };
		AD77F5732857F8810062FB14 /* Date+Extensions.swift */ = {isa = PBXFileReference; lastKnownFileType = sourcecode.swift; path = "Date+Extensions.swift"; sourceTree = "<group>"; };
		AD7AFA542836189F00399704 /* Array+Extensions.swift */ = {isa = PBXFileReference; lastKnownFileType = sourcecode.swift; path = "Array+Extensions.swift"; sourceTree = "<group>"; };
/* End PBXFileReference section */

/* Begin PBXFileSystemSynchronizedRootGroup section */
		A558276E2D2E7D00006A58E9 /* MovieQuizTests */ = {isa = PBXFileSystemSynchronizedRootGroup; explicitFileTypes = {}; explicitFolders = (); path = MovieQuizTests; sourceTree = "<group>"; };
		A55827832D2E8019006A58E9 /* MovieQuizUITests */ = {isa = PBXFileSystemSynchronizedRootGroup; explicitFileTypes = {}; explicitFolders = (); path = MovieQuizUITests; sourceTree = "<group>"; };
		A5D07E1F2D06008400DEFB85 /* Fonts */ = {isa = PBXFileSystemSynchronizedRootGroup; explicitFileTypes = {}; explicitFolders = (); path = Fonts; sourceTree = "<group>"; };
		A5EE5C8B2D33EBBE00A5A867 /* MovieQuizPresenterTests */ = {isa = PBXFileSystemSynchronizedRootGroup; explicitFileTypes = {}; explicitFolders = (); path = MovieQuizPresenterTests; sourceTree = "<group>"; };
/* End PBXFileSystemSynchronizedRootGroup section */

/* Begin PBXFrameworksBuildPhase section */
		A558276A2D2E7D00006A58E9 /* Frameworks */ = {
			isa = PBXFrameworksBuildPhase;
			buildActionMask = 2147483647;
			files = (
			);
			runOnlyForDeploymentPostprocessing = 0;
		};
		A558277F2D2E8019006A58E9 /* Frameworks */ = {
			isa = PBXFrameworksBuildPhase;
			buildActionMask = 2147483647;
			files = (
			);
			runOnlyForDeploymentPostprocessing = 0;
		};
		A5EE5C872D33EBBE00A5A867 /* Frameworks */ = {
			isa = PBXFrameworksBuildPhase;
			buildActionMask = 2147483647;
			files = (
			);
			runOnlyForDeploymentPostprocessing = 0;
		};
		AD1ABAAB2831907B00B3E448 /* Frameworks */ = {
			isa = PBXFrameworksBuildPhase;
			buildActionMask = 2147483647;
			files = (
			);
			runOnlyForDeploymentPostprocessing = 0;
		};
/* End PBXFrameworksBuildPhase section */

/* Begin PBXGroup section */
		611342392B701CF6003FC2A4 /* Models */ = {
			isa = PBXGroup;
			children = (
				A5914BE32D14654B003075DB /* QuizStepViewModel.swift */,
				A5714B9F2D158A80007EE7F2 /* GameResult.swift */,
				A5714B992D15818E007EE7F2 /* AlertModel.swift */,
				A5914BE52D14656F003075DB /* QuizResultsViewModel.swift */,
				A5914BE72D146596003075DB /* QuizQuestion.swift */,
				A5DABCB22D2935E10010E610 /* MostPopularMovies.swift */,
			);
			path = Models;
			sourceTree = "<group>";
		};
		6113423A2B701CF8003FC2A4 /* Services */ = {
			isa = PBXGroup;
			children = (
				A5914BE12D14634D003075DB /* QuestionFactory.swift */,
				A5914BE92D146D3D003075DB /* QuestionFactoryProtocol.swift */,
				A5714B972D15660F007EE7F2 /* QuestionFactoryDelegate.swift */,
				A5714B9D2D158383007EE7F2 /* AlertPresenterDelegate.swift */,
				A5714BA32D158B60007EE7F2 /* StatisticService.swift */,
				A5714BA12D158B09007EE7F2 /* StatisticServiceProtocol.swift */,
				A5DABCB02D2934140010E610 /* NetworkClient.swift */,
				A558277C2D2E7E76006A58E9 /* StubNetworkClient.swift */,
				A5DABCB42D293F340010E610 /* MoviesLoader.swift */,
			);
			path = Services;
			sourceTree = "<group>";
		};
		8F4738322848DE2A005DF65E /* Presentation */ = {
			isa = PBXGroup;
			children = (
				AD1ABAB52831907B00B3E448 /* MovieQuizViewController.swift */,
				A55827982D2EB0E7006A58E9 /* MovieQuizViewControllerProtocol.swift */,
				A558279A2D2EB126006A58E9 /* MovieQuizPresenter.swift */,
				A5714B9B2D158251007EE7F2 /* AlertPresenter.swift */,
				AD1ABAB72831907B00B3E448 /* Main.storyboard */,
			);
			path = Presentation;
			sourceTree = "<group>";
		};
		8F4738332848DE46005DF65E /* Resources */ = {
			isa = PBXGroup;
			children = (
				A5D07E1F2D06008400DEFB85 /* Fonts */,
				AD1ABABC2831907F00B3E448 /* LaunchScreen.storyboard */,
				AD1ABABA2831907F00B3E448 /* Assets.xcassets */,
				AD1ABABF2831907F00B3E448 /* Info.plist */,
			);
			path = Resources;
			sourceTree = "<group>";
		};
		AD1ABAA52831907B00B3E448 = {
			isa = PBXGroup;
			children = (
				AD1ABAB02831907B00B3E448 /* MovieQuiz */,
				A558276E2D2E7D00006A58E9 /* MovieQuizTests */,
				A55827832D2E8019006A58E9 /* MovieQuizUITests */,
				A5EE5C8B2D33EBBE00A5A867 /* MovieQuizPresenterTests */,
				AD1ABAAF2831907B00B3E448 /* Products */,
			);
			sourceTree = "<group>";
		};
		AD1ABAAF2831907B00B3E448 /* Products */ = {
			isa = PBXGroup;
			children = (
				AD1ABAAE2831907B00B3E448 /* MovieQuiz.app */,
				A558276D2D2E7D00006A58E9 /* MovieQuizTests.xctest */,
				A55827822D2E8019006A58E9 /* MovieQuizUITests.xctest */,
				A5EE5C8A2D33EBBE00A5A867 /* MovieQuizPresenterTests.xctest */,
			);
			name = Products;
			sourceTree = "<group>";
		};
		AD1ABAB02831907B00B3E448 /* MovieQuiz */ = {
			isa = PBXGroup;
			children = (
				611342392B701CF6003FC2A4 /* Models */,
				8F4738322848DE2A005DF65E /* Presentation */,
				ADF0CF75283FDAA10075F54D /* Helpers */,
				6113423A2B701CF8003FC2A4 /* Services */,
				8F4738332848DE46005DF65E /* Resources */,
				AD1ABAB32831907B00B3E448 /* SceneDelegate.swift */,
				AD1ABAB12831907B00B3E448 /* AppDelegate.swift */,
			);
			path = MovieQuiz;
			sourceTree = "<group>";
		};
		ADF0CF75283FDAA10075F54D /* Helpers */ = {
			isa = PBXGroup;
			children = (
				AD5EE5DD284D7887003966EF /* UIColor+Extensions.swift */,
				AD7AFA542836189F00399704 /* Array+Extensions.swift */,
				AD77F5732857F8810062FB14 /* Date+Extensions.swift */,
				A542DC932D2D21EE003D685D /* Float+Extensions.swift */,
			);
			path = Helpers;
			sourceTree = "<group>";
		};
/* End PBXGroup section */

/* Begin PBXNativeTarget section */
		A558276C2D2E7D00006A58E9 /* MovieQuizTests */ = {
			isa = PBXNativeTarget;
			buildConfigurationList = A55827752D2E7D00006A58E9 /* Build configuration list for PBXNativeTarget "MovieQuizTests" */;
			buildPhases = (
				A55827692D2E7D00006A58E9 /* Sources */,
				A558276A2D2E7D00006A58E9 /* Frameworks */,
				A558276B2D2E7D00006A58E9 /* Resources */,
			);
			buildRules = (
			);
			dependencies = (
				A55827722D2E7D00006A58E9 /* PBXTargetDependency */,
			);
			fileSystemSynchronizedGroups = (
				A558276E2D2E7D00006A58E9 /* MovieQuizTests */,
			);
			name = MovieQuizTests;
			packageProductDependencies = (
			);
			productName = MovieQuizTests;
			productReference = A558276D2D2E7D00006A58E9 /* MovieQuizTests.xctest */;
			productType = "com.apple.product-type.bundle.unit-test";
		};
		A55827812D2E8019006A58E9 /* MovieQuizUITests */ = {
			isa = PBXNativeTarget;
			buildConfigurationList = A558278A2D2E8019006A58E9 /* Build configuration list for PBXNativeTarget "MovieQuizUITests" */;
			buildPhases = (
				A558277E2D2E8019006A58E9 /* Sources */,
				A558277F2D2E8019006A58E9 /* Frameworks */,
				A55827802D2E8019006A58E9 /* Resources */,
			);
			buildRules = (
			);
			dependencies = (
				A55827892D2E8019006A58E9 /* PBXTargetDependency */,
			);
			fileSystemSynchronizedGroups = (
				A55827832D2E8019006A58E9 /* MovieQuizUITests */,
			);
			name = MovieQuizUITests;
			packageProductDependencies = (
			);
			productName = MovieQuizUITests;
			productReference = A55827822D2E8019006A58E9 /* MovieQuizUITests.xctest */;
			productType = "com.apple.product-type.bundle.ui-testing";
		};
		A5EE5C892D33EBBE00A5A867 /* MovieQuizPresenterTests */ = {
			isa = PBXNativeTarget;
			buildConfigurationList = A5EE5C922D33EBBE00A5A867 /* Build configuration list for PBXNativeTarget "MovieQuizPresenterTests" */;
			buildPhases = (
				A5EE5C862D33EBBE00A5A867 /* Sources */,
				A5EE5C872D33EBBE00A5A867 /* Frameworks */,
				A5EE5C882D33EBBE00A5A867 /* Resources */,
			);
			buildRules = (
			);
			dependencies = (
				A5EE5C8F2D33EBBE00A5A867 /* PBXTargetDependency */,
			);
			fileSystemSynchronizedGroups = (
				A5EE5C8B2D33EBBE00A5A867 /* MovieQuizPresenterTests */,
			);
			name = MovieQuizPresenterTests;
			packageProductDependencies = (
			);
			productName = MovieQuizPresenterTests;
			productReference = A5EE5C8A2D33EBBE00A5A867 /* MovieQuizPresenterTests.xctest */;
			productType = "com.apple.product-type.bundle.unit-test";
		};
		AD1ABAAD2831907B00B3E448 /* MovieQuiz */ = {
			isa = PBXNativeTarget;
			buildConfigurationList = AD1ABAC22831907F00B3E448 /* Build configuration list for PBXNativeTarget "MovieQuiz" */;
			buildPhases = (
				AD1ABAAA2831907B00B3E448 /* Sources */,
				AD1ABAAB2831907B00B3E448 /* Frameworks */,
				AD1ABAAC2831907B00B3E448 /* Resources */,
			);
			buildRules = (
			);
			dependencies = (
			);
			fileSystemSynchronizedGroups = (
				A5D07E1F2D06008400DEFB85 /* Fonts */,
			);
			name = MovieQuiz;
			productName = MovieQuiz;
			productReference = AD1ABAAE2831907B00B3E448 /* MovieQuiz.app */;
			productType = "com.apple.product-type.application";
		};
/* End PBXNativeTarget section */

/* Begin PBXProject section */
		AD1ABAA62831907B00B3E448 /* Project object */ = {
			isa = PBXProject;
			attributes = {
				BuildIndependentTargetsInParallel = 1;
				LastSwiftUpdateCheck = 1620;
				LastUpgradeCheck = 1520;
				ORGANIZATIONNAME = "";
				TargetAttributes = {
					A558276C2D2E7D00006A58E9 = {
						CreatedOnToolsVersion = 16.2;
						TestTargetID = AD1ABAAD2831907B00B3E448;
					};
					A55827812D2E8019006A58E9 = {
						CreatedOnToolsVersion = 16.2;
						TestTargetID = AD1ABAAD2831907B00B3E448;
					};
					A5EE5C892D33EBBE00A5A867 = {
						CreatedOnToolsVersion = 16.2;
						TestTargetID = AD1ABAAD2831907B00B3E448;
					};
					AD1ABAAD2831907B00B3E448 = {
						CreatedOnToolsVersion = 13.3.1;
					};
				};
			};
			buildConfigurationList = AD1ABAA92831907B00B3E448 /* Build configuration list for PBXProject "MovieQuiz" */;
			compatibilityVersion = "Xcode 15.3";
			developmentRegion = en;
			hasScannedForEncodings = 0;
			knownRegions = (
				en,
				Base,
			);
			mainGroup = AD1ABAA52831907B00B3E448;
			productRefGroup = AD1ABAAF2831907B00B3E448 /* Products */;
			projectDirPath = "";
			projectRoot = "";
			targets = (
				AD1ABAAD2831907B00B3E448 /* MovieQuiz */,
				A558276C2D2E7D00006A58E9 /* MovieQuizTests */,
				A55827812D2E8019006A58E9 /* MovieQuizUITests */,
				A5EE5C892D33EBBE00A5A867 /* MovieQuizPresenterTests */,
			);
		};
/* End PBXProject section */

/* Begin PBXResourcesBuildPhase section */
		A558276B2D2E7D00006A58E9 /* Resources */ = {
			isa = PBXResourcesBuildPhase;
			buildActionMask = 2147483647;
			files = (
			);
			runOnlyForDeploymentPostprocessing = 0;
		};
		A55827802D2E8019006A58E9 /* Resources */ = {
			isa = PBXResourcesBuildPhase;
			buildActionMask = 2147483647;
			files = (
			);
			runOnlyForDeploymentPostprocessing = 0;
		};
		A5EE5C882D33EBBE00A5A867 /* Resources */ = {
			isa = PBXResourcesBuildPhase;
			buildActionMask = 2147483647;
			files = (
			);
			runOnlyForDeploymentPostprocessing = 0;
		};
		AD1ABAAC2831907B00B3E448 /* Resources */ = {
			isa = PBXResourcesBuildPhase;
			buildActionMask = 2147483647;
			files = (
				AD1ABABE2831907F00B3E448 /* LaunchScreen.storyboard in Resources */,
				AD1ABABB2831907F00B3E448 /* Assets.xcassets in Resources */,
				AD1ABAB92831907B00B3E448 /* Main.storyboard in Resources */,
			);
			runOnlyForDeploymentPostprocessing = 0;
		};
/* End PBXResourcesBuildPhase section */

/* Begin PBXSourcesBuildPhase section */
		A55827692D2E7D00006A58E9 /* Sources */ = {
			isa = PBXSourcesBuildPhase;
			buildActionMask = 2147483647;
			files = (
			);
			runOnlyForDeploymentPostprocessing = 0;
		};
		A558277E2D2E8019006A58E9 /* Sources */ = {
			isa = PBXSourcesBuildPhase;
			buildActionMask = 2147483647;
			files = (
			);
			runOnlyForDeploymentPostprocessing = 0;
		};
		A5EE5C862D33EBBE00A5A867 /* Sources */ = {
			isa = PBXSourcesBuildPhase;
			buildActionMask = 2147483647;
			files = (
			);
			runOnlyForDeploymentPostprocessing = 0;
		};
		AD1ABAAA2831907B00B3E448 /* Sources */ = {
			isa = PBXSourcesBuildPhase;
			buildActionMask = 2147483647;
			files = (
				A558277D2D2E7E80006A58E9 /* StubNetworkClient.swift in Sources */,
				A5DABCB12D29341A0010E610 /* NetworkClient.swift in Sources */,
				A55827992D2EB0F3006A58E9 /* MovieQuizViewControllerProtocol.swift in Sources */,
				AD5EE5DE284D7887003966EF /* UIColor+Extensions.swift in Sources */,
				A5714B9C2D158256007EE7F2 /* AlertPresenter.swift in Sources */,
				A5DABCB32D2935E90010E610 /* MostPopularMovies.swift in Sources */,
				A5714B9A2D158191007EE7F2 /* AlertModel.swift in Sources */,
				AD7AFA552836189F00399704 /* Array+Extensions.swift in Sources */,
				A5714BA22D158B10007EE7F2 /* StatisticServiceProtocol.swift in Sources */,
				A5714BA02D158A8A007EE7F2 /* GameResult.swift in Sources */,
				A542DC942D2D21F5003D685D /* Float+Extensions.swift in Sources */,
				A5914BEA2D146D3F003075DB /* QuestionFactoryProtocol.swift in Sources */,
				A5714B9E2D158393007EE7F2 /* AlertPresenterDelegate.swift in Sources */,
				A5714B982D156617007EE7F2 /* QuestionFactoryDelegate.swift in Sources */,
				AD1ABAB62831907B00B3E448 /* MovieQuizViewController.swift in Sources */,
				A558279B2D2EB12D006A58E9 /* MovieQuizPresenter.swift in Sources */,
				A5914BE42D14654B003075DB /* QuizStepViewModel.swift in Sources */,
				A5914BE82D146596003075DB /* QuizQuestion.swift in Sources */,
				A5914BE22D146355003075DB /* QuestionFactory.swift in Sources */,
				AD77F5742857F8810062FB14 /* Date+Extensions.swift in Sources */,
				AD1ABAB22831907B00B3E448 /* AppDelegate.swift in Sources */,
				A5914BE62D146572003075DB /* QuizResultsViewModel.swift in Sources */,
				A5714BA42D158B6B007EE7F2 /* StatisticService.swift in Sources */,
				AD1ABAB42831907B00B3E448 /* SceneDelegate.swift in Sources */,
				A5DABCB52D293F3C0010E610 /* MoviesLoader.swift in Sources */,
			);
			runOnlyForDeploymentPostprocessing = 0;
		};
/* End PBXSourcesBuildPhase section */

/* Begin PBXTargetDependency section */
		A55827722D2E7D00006A58E9 /* PBXTargetDependency */ = {
			isa = PBXTargetDependency;
			target = AD1ABAAD2831907B00B3E448 /* MovieQuiz */;
			targetProxy = A55827712D2E7D00006A58E9 /* PBXContainerItemProxy */;
		};
		A55827892D2E8019006A58E9 /* PBXTargetDependency */ = {
			isa = PBXTargetDependency;
			target = AD1ABAAD2831907B00B3E448 /* MovieQuiz */;
			targetProxy = A55827882D2E8019006A58E9 /* PBXContainerItemProxy */;
		};
		A5EE5C8F2D33EBBE00A5A867 /* PBXTargetDependency */ = {
			isa = PBXTargetDependency;
			target = AD1ABAAD2831907B00B3E448 /* MovieQuiz */;
			targetProxy = A5EE5C8E2D33EBBE00A5A867 /* PBXContainerItemProxy */;
		};
/* End PBXTargetDependency section */

/* Begin PBXVariantGroup section */
		AD1ABAB72831907B00B3E448 /* Main.storyboard */ = {
			isa = PBXVariantGroup;
			children = (
				AD1ABAB82831907B00B3E448 /* Base */,
			);
			name = Main.storyboard;
			sourceTree = "<group>";
		};
		AD1ABABC2831907F00B3E448 /* LaunchScreen.storyboard */ = {
			isa = PBXVariantGroup;
			children = (
				AD1ABABD2831907F00B3E448 /* Base */,
			);
			name = LaunchScreen.storyboard;
			sourceTree = "<group>";
		};
/* End PBXVariantGroup section */

/* Begin XCBuildConfiguration section */
		A55827732D2E7D00006A58E9 /* Debug */ = {
			isa = XCBuildConfiguration;
			buildSettings = {
				BUNDLE_LOADER = "$(TEST_HOST)";
				CLANG_CXX_LANGUAGE_STANDARD = "gnu++20";
				CODE_SIGN_STYLE = Automatic;
				CURRENT_PROJECT_VERSION = 1;
				DEVELOPMENT_TEAM = PD27G8LK46;
				GCC_C_LANGUAGE_STANDARD = gnu17;
				GENERATE_INFOPLIST_FILE = YES;
				IPHONEOS_DEPLOYMENT_TARGET = 17.6;
				LOCALIZATION_PREFERS_STRING_CATALOGS = YES;
				MARKETING_VERSION = 1.0;
				PRODUCT_BUNDLE_IDENTIFIER = mnabdrakhmanov.MovieQuizTests;
				PRODUCT_NAME = "$(TARGET_NAME)";
				SWIFT_ACTIVE_COMPILATION_CONDITIONS = "DEBUG $(inherited)";
				SWIFT_EMIT_LOC_STRINGS = NO;
				SWIFT_VERSION = 5.0;
				TARGETED_DEVICE_FAMILY = "1,2";
				TEST_HOST = "$(BUILT_PRODUCTS_DIR)/MovieQuiz.app/$(BUNDLE_EXECUTABLE_FOLDER_PATH)/MovieQuiz";
			};
			name = Debug;
		};
		A55827742D2E7D00006A58E9 /* Release */ = {
			isa = XCBuildConfiguration;
			buildSettings = {
				BUNDLE_LOADER = "$(TEST_HOST)";
				CLANG_CXX_LANGUAGE_STANDARD = "gnu++20";
				CODE_SIGN_STYLE = Automatic;
				CURRENT_PROJECT_VERSION = 1;
				DEVELOPMENT_TEAM = PD27G8LK46;
				GCC_C_LANGUAGE_STANDARD = gnu17;
				GENERATE_INFOPLIST_FILE = YES;
				IPHONEOS_DEPLOYMENT_TARGET = 17.6;
				LOCALIZATION_PREFERS_STRING_CATALOGS = YES;
				MARKETING_VERSION = 1.0;
				PRODUCT_BUNDLE_IDENTIFIER = mnabdrakhmanov.MovieQuizTests;
				PRODUCT_NAME = "$(TARGET_NAME)";
				SWIFT_EMIT_LOC_STRINGS = NO;
				SWIFT_VERSION = 5.0;
				TARGETED_DEVICE_FAMILY = "1,2";
				TEST_HOST = "$(BUILT_PRODUCTS_DIR)/MovieQuiz.app/$(BUNDLE_EXECUTABLE_FOLDER_PATH)/MovieQuiz";
			};
			name = Release;
		};
		A558278B2D2E8019006A58E9 /* Debug */ = {
			isa = XCBuildConfiguration;
			buildSettings = {
				CLANG_CXX_LANGUAGE_STANDARD = "gnu++20";
				CODE_SIGN_STYLE = Automatic;
				CURRENT_PROJECT_VERSION = 1;
				DEVELOPMENT_TEAM = PD27G8LK46;
				GCC_C_LANGUAGE_STANDARD = gnu17;
				GENERATE_INFOPLIST_FILE = YES;
				IPHONEOS_DEPLOYMENT_TARGET = 18.2;
				LOCALIZATION_PREFERS_STRING_CATALOGS = YES;
				MARKETING_VERSION = 1.0;
				PRODUCT_BUNDLE_IDENTIFIER = mnabdrakhmanov.MovieQuizUITests;
				PRODUCT_NAME = "$(TARGET_NAME)";
				SWIFT_ACTIVE_COMPILATION_CONDITIONS = "DEBUG $(inherited)";
				SWIFT_EMIT_LOC_STRINGS = NO;
				SWIFT_VERSION = 5.0;
				TARGETED_DEVICE_FAMILY = "1,2";
				TEST_TARGET_NAME = MovieQuiz;
			};
			name = Debug;
		};
		A558278C2D2E8019006A58E9 /* Release */ = {
			isa = XCBuildConfiguration;
			buildSettings = {
				CLANG_CXX_LANGUAGE_STANDARD = "gnu++20";
				CODE_SIGN_STYLE = Automatic;
				CURRENT_PROJECT_VERSION = 1;
				DEVELOPMENT_TEAM = PD27G8LK46;
				GCC_C_LANGUAGE_STANDARD = gnu17;
				GENERATE_INFOPLIST_FILE = YES;
				IPHONEOS_DEPLOYMENT_TARGET = 18.2;
				LOCALIZATION_PREFERS_STRING_CATALOGS = YES;
				MARKETING_VERSION = 1.0;
				PRODUCT_BUNDLE_IDENTIFIER = mnabdrakhmanov.MovieQuizUITests;
				PRODUCT_NAME = "$(TARGET_NAME)";
				SWIFT_EMIT_LOC_STRINGS = NO;
				SWIFT_VERSION = 5.0;
				TARGETED_DEVICE_FAMILY = "1,2";
				TEST_TARGET_NAME = MovieQuiz;
			};
			name = Release;
		};
		A5EE5C902D33EBBE00A5A867 /* Debug */ = {
			isa = XCBuildConfiguration;
			buildSettings = {
				BUNDLE_LOADER = "$(TEST_HOST)";
				CLANG_CXX_LANGUAGE_STANDARD = "gnu++20";
				CODE_SIGN_STYLE = Automatic;
				CURRENT_PROJECT_VERSION = 1;
				DEVELOPMENT_TEAM = PD27G8LK46;
				GCC_C_LANGUAGE_STANDARD = gnu17;
				GENERATE_INFOPLIST_FILE = YES;
				IPHONEOS_DEPLOYMENT_TARGET = 18.2;
				LOCALIZATION_PREFERS_STRING_CATALOGS = YES;
				MARKETING_VERSION = 1.0;
				PRODUCT_BUNDLE_IDENTIFIER = mnabdrakhmanov.MovieQuizPresenterTests;
				PRODUCT_NAME = "$(TARGET_NAME)";
				SWIFT_ACTIVE_COMPILATION_CONDITIONS = "DEBUG $(inherited)";
				SWIFT_EMIT_LOC_STRINGS = NO;
				SWIFT_VERSION = 5.0;
				TARGETED_DEVICE_FAMILY = "1,2";
				TEST_HOST = "$(BUILT_PRODUCTS_DIR)/MovieQuiz.app/$(BUNDLE_EXECUTABLE_FOLDER_PATH)/MovieQuiz";
			};
			name = Debug;
		};
		A5EE5C912D33EBBE00A5A867 /* Release */ = {
			isa = XCBuildConfiguration;
			buildSettings = {
				BUNDLE_LOADER = "$(TEST_HOST)";
				CLANG_CXX_LANGUAGE_STANDARD = "gnu++20";
				CODE_SIGN_STYLE = Automatic;
				CURRENT_PROJECT_VERSION = 1;
				DEVELOPMENT_TEAM = PD27G8LK46;
				GCC_C_LANGUAGE_STANDARD = gnu17;
				GENERATE_INFOPLIST_FILE = YES;
				IPHONEOS_DEPLOYMENT_TARGET = 18.2;
				LOCALIZATION_PREFERS_STRING_CATALOGS = YES;
				MARKETING_VERSION = 1.0;
				PRODUCT_BUNDLE_IDENTIFIER = mnabdrakhmanov.MovieQuizPresenterTests;
				PRODUCT_NAME = "$(TARGET_NAME)";
				SWIFT_EMIT_LOC_STRINGS = NO;
				SWIFT_VERSION = 5.0;
				TARGETED_DEVICE_FAMILY = "1,2";
				TEST_HOST = "$(BUILT_PRODUCTS_DIR)/MovieQuiz.app/$(BUNDLE_EXECUTABLE_FOLDER_PATH)/MovieQuiz";
			};
			name = Release;
		};
		AD1ABAC02831907F00B3E448 /* Debug */ = {
			isa = XCBuildConfiguration;
			buildSettings = {
				ALWAYS_SEARCH_USER_PATHS = NO;
				ASSETCATALOG_COMPILER_GENERATE_SWIFT_ASSET_SYMBOL_EXTENSIONS = YES;
				CLANG_ANALYZER_NONNULL = YES;
				CLANG_ANALYZER_NUMBER_OBJECT_CONVERSION = YES_AGGRESSIVE;
				CLANG_CXX_LANGUAGE_STANDARD = "gnu++17";
				CLANG_ENABLE_MODULES = YES;
				CLANG_ENABLE_OBJC_ARC = YES;
				CLANG_ENABLE_OBJC_WEAK = YES;
				CLANG_WARN_BLOCK_CAPTURE_AUTORELEASING = YES;
				CLANG_WARN_BOOL_CONVERSION = YES;
				CLANG_WARN_COMMA = YES;
				CLANG_WARN_CONSTANT_CONVERSION = YES;
				CLANG_WARN_DEPRECATED_OBJC_IMPLEMENTATIONS = YES;
				CLANG_WARN_DIRECT_OBJC_ISA_USAGE = YES_ERROR;
				CLANG_WARN_DOCUMENTATION_COMMENTS = YES;
				CLANG_WARN_EMPTY_BODY = YES;
				CLANG_WARN_ENUM_CONVERSION = YES;
				CLANG_WARN_INFINITE_RECURSION = YES;
				CLANG_WARN_INT_CONVERSION = YES;
				CLANG_WARN_NON_LITERAL_NULL_CONVERSION = YES;
				CLANG_WARN_OBJC_IMPLICIT_RETAIN_SELF = YES;
				CLANG_WARN_OBJC_LITERAL_CONVERSION = YES;
				CLANG_WARN_OBJC_ROOT_CLASS = YES_ERROR;
				CLANG_WARN_QUOTED_INCLUDE_IN_FRAMEWORK_HEADER = YES;
				CLANG_WARN_RANGE_LOOP_ANALYSIS = YES;
				CLANG_WARN_STRICT_PROTOTYPES = YES;
				CLANG_WARN_SUSPICIOUS_MOVE = YES;
				CLANG_WARN_UNGUARDED_AVAILABILITY = YES_AGGRESSIVE;
				CLANG_WARN_UNREACHABLE_CODE = YES;
				CLANG_WARN__DUPLICATE_METHOD_MATCH = YES;
				COPY_PHASE_STRIP = NO;
				DEBUG_INFORMATION_FORMAT = dwarf;
				ENABLE_STRICT_OBJC_MSGSEND = YES;
				ENABLE_TESTABILITY = YES;
				ENABLE_USER_SCRIPT_SANDBOXING = YES;
				GCC_C_LANGUAGE_STANDARD = gnu11;
				GCC_DYNAMIC_NO_PIC = NO;
				GCC_NO_COMMON_BLOCKS = YES;
				GCC_OPTIMIZATION_LEVEL = 0;
				GCC_PREPROCESSOR_DEFINITIONS = (
					"DEBUG=1",
					"$(inherited)",
				);
				GCC_WARN_64_TO_32_BIT_CONVERSION = YES;
				GCC_WARN_ABOUT_RETURN_TYPE = YES_ERROR;
				GCC_WARN_UNDECLARED_SELECTOR = YES;
				GCC_WARN_UNINITIALIZED_AUTOS = YES_AGGRESSIVE;
				GCC_WARN_UNUSED_FUNCTION = YES;
				GCC_WARN_UNUSED_VARIABLE = YES;
				IPHONEOS_DEPLOYMENT_TARGET = 15.0;
				MTL_ENABLE_DEBUG_INFO = INCLUDE_SOURCE;
				MTL_FAST_MATH = YES;
				ONLY_ACTIVE_ARCH = YES;
				SDKROOT = iphoneos;
				SWIFT_ACTIVE_COMPILATION_CONDITIONS = DEBUG;
				SWIFT_OPTIMIZATION_LEVEL = "-Onone";
			};
			name = Debug;
		};
		AD1ABAC12831907F00B3E448 /* Release */ = {
			isa = XCBuildConfiguration;
			buildSettings = {
				ALWAYS_SEARCH_USER_PATHS = NO;
				ASSETCATALOG_COMPILER_GENERATE_SWIFT_ASSET_SYMBOL_EXTENSIONS = YES;
				CLANG_ANALYZER_NONNULL = YES;
				CLANG_ANALYZER_NUMBER_OBJECT_CONVERSION = YES_AGGRESSIVE;
				CLANG_CXX_LANGUAGE_STANDARD = "gnu++17";
				CLANG_ENABLE_MODULES = YES;
				CLANG_ENABLE_OBJC_ARC = YES;
				CLANG_ENABLE_OBJC_WEAK = YES;
				CLANG_WARN_BLOCK_CAPTURE_AUTORELEASING = YES;
				CLANG_WARN_BOOL_CONVERSION = YES;
				CLANG_WARN_COMMA = YES;
				CLANG_WARN_CONSTANT_CONVERSION = YES;
				CLANG_WARN_DEPRECATED_OBJC_IMPLEMENTATIONS = YES;
				CLANG_WARN_DIRECT_OBJC_ISA_USAGE = YES_ERROR;
				CLANG_WARN_DOCUMENTATION_COMMENTS = YES;
				CLANG_WARN_EMPTY_BODY = YES;
				CLANG_WARN_ENUM_CONVERSION = YES;
				CLANG_WARN_INFINITE_RECURSION = YES;
				CLANG_WARN_INT_CONVERSION = YES;
				CLANG_WARN_NON_LITERAL_NULL_CONVERSION = YES;
				CLANG_WARN_OBJC_IMPLICIT_RETAIN_SELF = YES;
				CLANG_WARN_OBJC_LITERAL_CONVERSION = YES;
				CLANG_WARN_OBJC_ROOT_CLASS = YES_ERROR;
				CLANG_WARN_QUOTED_INCLUDE_IN_FRAMEWORK_HEADER = YES;
				CLANG_WARN_RANGE_LOOP_ANALYSIS = YES;
				CLANG_WARN_STRICT_PROTOTYPES = YES;
				CLANG_WARN_SUSPICIOUS_MOVE = YES;
				CLANG_WARN_UNGUARDED_AVAILABILITY = YES_AGGRESSIVE;
				CLANG_WARN_UNREACHABLE_CODE = YES;
				CLANG_WARN__DUPLICATE_METHOD_MATCH = YES;
				COPY_PHASE_STRIP = NO;
				DEBUG_INFORMATION_FORMAT = "dwarf-with-dsym";
				ENABLE_NS_ASSERTIONS = NO;
				ENABLE_STRICT_OBJC_MSGSEND = YES;
				ENABLE_USER_SCRIPT_SANDBOXING = YES;
				GCC_C_LANGUAGE_STANDARD = gnu11;
				GCC_NO_COMMON_BLOCKS = YES;
				GCC_WARN_64_TO_32_BIT_CONVERSION = YES;
				GCC_WARN_ABOUT_RETURN_TYPE = YES_ERROR;
				GCC_WARN_UNDECLARED_SELECTOR = YES;
				GCC_WARN_UNINITIALIZED_AUTOS = YES_AGGRESSIVE;
				GCC_WARN_UNUSED_FUNCTION = YES;
				GCC_WARN_UNUSED_VARIABLE = YES;
				IPHONEOS_DEPLOYMENT_TARGET = 15.0;
				MTL_ENABLE_DEBUG_INFO = NO;
				MTL_FAST_MATH = YES;
				SDKROOT = iphoneos;
				SWIFT_COMPILATION_MODE = wholemodule;
				SWIFT_OPTIMIZATION_LEVEL = "-O";
				VALIDATE_PRODUCT = YES;
			};
			name = Release;
		};
		AD1ABAC32831907F00B3E448 /* Debug */ = {
			isa = XCBuildConfiguration;
			buildSettings = {
				ASSETCATALOG_COMPILER_APPICON_NAME = AppIcon;
				CODE_SIGN_STYLE = Automatic;
				CURRENT_PROJECT_VERSION = 1;
				DEVELOPMENT_TEAM = "";
				GENERATE_INFOPLIST_FILE = YES;
				INFOPLIST_FILE = MovieQuiz/Resources/Info.plist;
				INFOPLIST_KEY_UIApplicationSupportsIndirectInputEvents = YES;
				INFOPLIST_KEY_UILaunchStoryboardName = LaunchScreen;
				INFOPLIST_KEY_UIMainStoryboardFile = Main;
				INFOPLIST_KEY_UIStatusBarHidden = YES;
				INFOPLIST_KEY_UISupportedInterfaceOrientations = UIInterfaceOrientationPortrait;
				INFOPLIST_KEY_UISupportedInterfaceOrientations_iPad = "UIInterfaceOrientationPortrait UIInterfaceOrientationPortraitUpsideDown UIInterfaceOrientationLandscapeLeft UIInterfaceOrientationLandscapeRight";
				INFOPLIST_KEY_UISupportedInterfaceOrientations_iPhone = "UIInterfaceOrientationPortrait UIInterfaceOrientationLandscapeLeft UIInterfaceOrientationLandscapeRight";
				IPHONEOS_DEPLOYMENT_TARGET = 15.0;
				LD_RUNPATH_SEARCH_PATHS = (
					"$(inherited)",
					"@executable_path/Frameworks",
				);
				MARKETING_VERSION = 1.0;
				PRODUCT_BUNDLE_IDENTIFIER = ru.yandex.practicum.MovieQuiz;
				PRODUCT_NAME = "$(TARGET_NAME)";
				SWIFT_EMIT_LOC_STRINGS = YES;
				SWIFT_VERSION = 5.0;
				TARGETED_DEVICE_FAMILY = 1;
			};
			name = Debug;
		};
		AD1ABAC42831907F00B3E448 /* Release */ = {
			isa = XCBuildConfiguration;
			buildSettings = {
				ASSETCATALOG_COMPILER_APPICON_NAME = AppIcon;
				CODE_SIGN_STYLE = Automatic;
				CURRENT_PROJECT_VERSION = 1;
				DEVELOPMENT_TEAM = "";
				GENERATE_INFOPLIST_FILE = YES;
				INFOPLIST_FILE = MovieQuiz/Resources/Info.plist;
				INFOPLIST_KEY_UIApplicationSupportsIndirectInputEvents = YES;
				INFOPLIST_KEY_UILaunchStoryboardName = LaunchScreen;
				INFOPLIST_KEY_UIMainStoryboardFile = Main;
				INFOPLIST_KEY_UIStatusBarHidden = YES;
				INFOPLIST_KEY_UISupportedInterfaceOrientations = UIInterfaceOrientationPortrait;
				INFOPLIST_KEY_UISupportedInterfaceOrientations_iPad = "UIInterfaceOrientationPortrait UIInterfaceOrientationPortraitUpsideDown UIInterfaceOrientationLandscapeLeft UIInterfaceOrientationLandscapeRight";
				INFOPLIST_KEY_UISupportedInterfaceOrientations_iPhone = "UIInterfaceOrientationPortrait UIInterfaceOrientationLandscapeLeft UIInterfaceOrientationLandscapeRight";
				IPHONEOS_DEPLOYMENT_TARGET = 15.0;
				LD_RUNPATH_SEARCH_PATHS = (
					"$(inherited)",
					"@executable_path/Frameworks",
				);
				MARKETING_VERSION = 1.0;
				PRODUCT_BUNDLE_IDENTIFIER = ru.yandex.practicum.MovieQuiz;
				PRODUCT_NAME = "$(TARGET_NAME)";
				SWIFT_EMIT_LOC_STRINGS = YES;
				SWIFT_VERSION = 5.0;
				TARGETED_DEVICE_FAMILY = 1;
			};
			name = Release;
		};
/* End XCBuildConfiguration section */

/* Begin XCConfigurationList section */
		A55827752D2E7D00006A58E9 /* Build configuration list for PBXNativeTarget "MovieQuizTests" */ = {
			isa = XCConfigurationList;
			buildConfigurations = (
				A55827732D2E7D00006A58E9 /* Debug */,
				A55827742D2E7D00006A58E9 /* Release */,
			);
			defaultConfigurationIsVisible = 0;
			defaultConfigurationName = Release;
		};
		A558278A2D2E8019006A58E9 /* Build configuration list for PBXNativeTarget "MovieQuizUITests" */ = {
			isa = XCConfigurationList;
			buildConfigurations = (
				A558278B2D2E8019006A58E9 /* Debug */,
				A558278C2D2E8019006A58E9 /* Release */,
			);
			defaultConfigurationIsVisible = 0;
			defaultConfigurationName = Release;
		};
		A5EE5C922D33EBBE00A5A867 /* Build configuration list for PBXNativeTarget "MovieQuizPresenterTests" */ = {
			isa = XCConfigurationList;
			buildConfigurations = (
				A5EE5C902D33EBBE00A5A867 /* Debug */,
				A5EE5C912D33EBBE00A5A867 /* Release */,
			);
			defaultConfigurationIsVisible = 0;
			defaultConfigurationName = Release;
		};
		AD1ABAA92831907B00B3E448 /* Build configuration list for PBXProject "MovieQuiz" */ = {
			isa = XCConfigurationList;
			buildConfigurations = (
				AD1ABAC02831907F00B3E448 /* Debug */,
				AD1ABAC12831907F00B3E448 /* Release */,
			);
			defaultConfigurationIsVisible = 0;
			defaultConfigurationName = Release;
		};
		AD1ABAC22831907F00B3E448 /* Build configuration list for PBXNativeTarget "MovieQuiz" */ = {
			isa = XCConfigurationList;
			buildConfigurations = (
				AD1ABAC32831907F00B3E448 /* Debug */,
				AD1ABAC42831907F00B3E448 /* Release */,
			);
			defaultConfigurationIsVisible = 0;
			defaultConfigurationName = Release;
		};
/* End XCConfigurationList section */
	};
	rootObject = AD1ABAA62831907B00B3E448 /* Project object */;
}
